
Microsoft Visual Studio Solution File, Format Version 12.00
# Visual Studio Version 16
VisualStudioVersion = 16.0.30309.148
MinimumVisualStudioVersion = 10.0.40219.1
Project("{FAE04EC0-301F-11D3-BF4B-00C04F79EFBC}") = "NSwissEph", "NSwissEph\NSwissEph.csproj", "{AD0F5859-1189-425B-A341-5D971E559DAF}"
EndProject
Global
	GlobalSection(SolutionConfigurationPlatforms) = preSolution
		Debug|Any CPU = Debug|Any CPU
		Release|Any CPU = Release|Any CPU
	EndGlobalSection
	GlobalSection(ProjectConfigurationPlatforms) = postSolution
		{AD0F5859-1189-425B-A341-5D971E559DAF}.Debug|Any CPU.ActiveCfg = Debug|Any CPU
		{AD0F5859-1189-425B-A341-5D971E559DAF}.Debug|Any CPU.Build.0 = Debug|Any CPU
		{AD0F5859-1189-425B-A341-5D971E559DAF}.Release|Any CPU.ActiveCfg = Release|Any CPU
		{AD0F5859-1189-425B-A341-5D971E559DAF}.Release|Any CPU.Build.0 = Release|Any CPU
	EndGlobalSection
	GlobalSection(SolutionProperties) = preSolution
		HideSolutionNode = FALSE
	EndGlobalSection
	GlobalSection(ExtensibilityGlobals) = postSolution
		SolutionGuid = {DF7B435B-E6EB-4957-A209-586F6F6FA508}
	EndGlobalSection
EndGlobal
